
Microsoft Visual Studio Solution File, Format Version 12.00
# Visual Studio Version 16
VisualStudioVersion = 16.0.30413.136
MinimumVisualStudioVersion = 10.0.40219.1
Project("{2150E333-8FDC-42A3-9474-1A3956D46DE8}") = "Client", "Client", "{60692F2A-D576-4C18-89C0-BAA04AA13F10}"
EndProject
Project("{2150E333-8FDC-42A3-9474-1A3956D46DE8}") = "Solution Items", "Solution Items", "{E0AB8C66-E741-4AA9-B451-2EEACA0576E6}"
EndProject
Project("{9A19103F-16F7-4668-BE54-9A1E7A4F7556}") = "SimAware.Client", "SimAware.Client\SimAware.Client.csproj", "{00ABC14D-0419-4487-8EA7-64DB04A76399}"
EndProject
Project("{9A19103F-16F7-4668-BE54-9A1E7A4F7556}") = "SimAware.Client.Logic", "SimAware.Client.Logic\SimAware.Client.Logic.csproj", "{8C25202F-F7B9-465D-B8E7-41FC33558307}"
EndProject
Project("{9A19103F-16F7-4668-BE54-9A1E7A4F7556}") = "SimAware.Common", "SimAware.Common\SimAware.Common.csproj", "{D126387F-AD26-4F84-B3E6-0EF8A60901BB}"
EndProject
Project("{9A19103F-16F7-4668-BE54-9A1E7A4F7556}") = "SimAware.Client.SimConnectFSX", "SimAware.Client.SimConnectFSX\SimAware.Client.SimConnectFSX.csproj", "{82800F4A-AA3C-47DB-ADC5-CAF2C4263B06}"
EndProject
Global
	GlobalSection(SolutionConfigurationPlatforms) = preSolution
		Debug|Any CPU = Debug|Any CPU
		Debug|x64 = Debug|x64
		Release|Any CPU = Release|Any CPU
		Release|x64 = Release|x64
	EndGlobalSection
	GlobalSection(ProjectConfigurationPlatforms) = postSolution
		{00ABC14D-0419-4487-8EA7-64DB04A76399}.Debug|Any CPU.ActiveCfg = Debug|Any CPU
		{00ABC14D-0419-4487-8EA7-64DB04A76399}.Debug|Any CPU.Build.0 = Debug|Any CPU
		{00ABC14D-0419-4487-8EA7-64DB04A76399}.Debug|x64.ActiveCfg = Debug|x64
		{00ABC14D-0419-4487-8EA7-64DB04A76399}.Debug|x64.Build.0 = Debug|x64
		{00ABC14D-0419-4487-8EA7-64DB04A76399}.Release|Any CPU.ActiveCfg = Release|Any CPU
		{00ABC14D-0419-4487-8EA7-64DB04A76399}.Release|Any CPU.Build.0 = Release|Any CPU
		{00ABC14D-0419-4487-8EA7-64DB04A76399}.Release|x64.ActiveCfg = Release|x64
		{00ABC14D-0419-4487-8EA7-64DB04A76399}.Release|x64.Build.0 = Release|x64
		{8C25202F-F7B9-465D-B8E7-41FC33558307}.Debug|Any CPU.ActiveCfg = Debug|Any CPU
		{8C25202F-F7B9-465D-B8E7-41FC33558307}.Debug|Any CPU.Build.0 = Debug|Any CPU
		{8C25202F-F7B9-465D-B8E7-41FC33558307}.Debug|x64.ActiveCfg = Debug|x64
		{8C25202F-F7B9-465D-B8E7-41FC33558307}.Debug|x64.Build.0 = Debug|x64
		{8C25202F-F7B9-465D-B8E7-41FC33558307}.Release|Any CPU.ActiveCfg = Release|Any CPU
		{8C25202F-F7B9-465D-B8E7-41FC33558307}.Release|Any CPU.Build.0 = Release|Any CPU
		{8C25202F-F7B9-465D-B8E7-41FC33558307}.Release|x64.ActiveCfg = Release|x64
		{8C25202F-F7B9-465D-B8E7-41FC33558307}.Release|x64.Build.0 = Release|x64
		{D126387F-AD26-4F84-B3E6-0EF8A60901BB}.Debug|Any CPU.ActiveCfg = Debug|Any CPU
		{D126387F-AD26-4F84-B3E6-0EF8A60901BB}.Debug|Any CPU.Build.0 = Debug|Any CPU
		{D126387F-AD26-4F84-B3E6-0EF8A60901BB}.Debug|x64.ActiveCfg = Debug|x64
		{D126387F-AD26-4F84-B3E6-0EF8A60901BB}.Debug|x64.Build.0 = Debug|x64
		{D126387F-AD26-4F84-B3E6-0EF8A60901BB}.Release|Any CPU.ActiveCfg = Release|Any CPU
		{D126387F-AD26-4F84-B3E6-0EF8A60901BB}.Release|Any CPU.Build.0 = Release|Any CPU
		{D126387F-AD26-4F84-B3E6-0EF8A60901BB}.Release|x64.ActiveCfg = Release|x64
		{D126387F-AD26-4F84-B3E6-0EF8A60901BB}.Release|x64.Build.0 = Release|x64
		{82800F4A-AA3C-47DB-ADC5-CAF2C4263B06}.Debug|Any CPU.ActiveCfg = Debug|Any CPU
		{82800F4A-AA3C-47DB-ADC5-CAF2C4263B06}.Debug|Any CPU.Build.0 = Debug|Any CPU
		{82800F4A-AA3C-47DB-ADC5-CAF2C4263B06}.Debug|x64.ActiveCfg = Debug|x64
		{82800F4A-AA3C-47DB-ADC5-CAF2C4263B06}.Debug|x64.Build.0 = Debug|x64
		{82800F4A-AA3C-47DB-ADC5-CAF2C4263B06}.Release|Any CPU.ActiveCfg = Release|Any CPU
		{82800F4A-AA3C-47DB-ADC5-CAF2C4263B06}.Release|Any CPU.Build.0 = Release|Any CPU
		{82800F4A-AA3C-47DB-ADC5-CAF2C4263B06}.Release|x64.ActiveCfg = Release|Any CPU
		{82800F4A-AA3C-47DB-ADC5-CAF2C4263B06}.Release|x64.Build.0 = Release|Any CPU
	EndGlobalSection
	GlobalSection(SolutionProperties) = preSolution
		HideSolutionNode = FALSE
	EndGlobalSection
	GlobalSection(NestedProjects) = preSolution
		{00ABC14D-0419-4487-8EA7-64DB04A76399} = {60692F2A-D576-4C18-89C0-BAA04AA13F10}
		{8C25202F-F7B9-465D-B8E7-41FC33558307} = {60692F2A-D576-4C18-89C0-BAA04AA13F10}
		{82800F4A-AA3C-47DB-ADC5-CAF2C4263B06} = {60692F2A-D576-4C18-89C0-BAA04AA13F10}
	EndGlobalSection
	GlobalSection(ExtensibilityGlobals) = postSolution
		SolutionGuid = {FB6B0724-C74F-474E-BCB9-7ED81BC1B886}
	EndGlobalSection
EndGlobal
